
Microsoft Visual Studio Solution File, Format Version 12.00
# Visual Studio 15
Project("{FAE04EC0-301F-11D3-BF4B-00C04F79EFBC}") = "Assembly-CSharp", "Assembly-CSharp.csproj", "{BF6E3790-9A80-25B4-21EC-07BD5800ED85}"
EndProject
Project("{FAE04EC0-301F-11D3-BF4B-00C04F79EFBC}") = "Assembly-CSharp-Editor", "Assembly-CSharp-Editor.csproj", "{9B864617-D3EF-13AC-FF28-1663603A8682}"
EndProject
Global
	GlobalSection(SolutionConfigurationPlatforms) = preSolution
		Debug|Any CPU = Debug|Any CPU
		Release|Any CPU = Release|Any CPU
	EndGlobalSection
	GlobalSection(ProjectConfigurationPlatforms) = postSolution
		{BF6E3790-9A80-25B4-21EC-07BD5800ED85}.Debug|Any CPU.ActiveCfg = Debug|Any CPU
		{BF6E3790-9A80-25B4-21EC-07BD5800ED85}.Debug|Any CPU.Build.0 = Debug|Any CPU
		{BF6E3790-9A80-25B4-21EC-07BD5800ED85}.Release|Any CPU.ActiveCfg = Release|Any CPU
		{BF6E3790-9A80-25B4-21EC-07BD5800ED85}.Release|Any CPU.Build.0 = Release|Any CPU
		{9B864617-D3EF-13AC-FF28-1663603A8682}.Debug|Any CPU.ActiveCfg = Debug|Any CPU
		{9B864617-D3EF-13AC-FF28-1663603A8682}.Debug|Any CPU.Build.0 = Debug|Any CPU
		{9B864617-D3EF-13AC-FF28-1663603A8682}.Release|Any CPU.ActiveCfg = Release|Any CPU
		{9B864617-D3EF-13AC-FF28-1663603A8682}.Release|Any CPU.Build.0 = Release|Any CPU
	EndGlobalSection
	GlobalSection(SolutionProperties) = preSolution
		HideSolutionNode = FALSE
	EndGlobalSection
EndGlobal
